
Microsoft Visual Studio Solution File, Format Version 12.00
Project("{FAE04EC0-301F-11D3-BF4B-00C04F79EFBC}") = "DocuSharp", "DocuSharp\DocuSharp.csproj", "{D2EF4D11-ACDA-42E1-ACC8-E1784FA93867}"
EndProject
Project("{FAE04EC0-301F-11D3-BF4B-00C04F79EFBC}") = "DocuSharp.Application", "DocuSharp.Application\DocuSharp.Application.csproj", "{7B536E7A-97AC-4931-B63C-5AFAB814486B}"
EndProject
Global
	GlobalSection(SolutionConfigurationPlatforms) = preSolution
		Debug|Any CPU = Debug|Any CPU
		Release|Any CPU = Release|Any CPU
	EndGlobalSection
	GlobalSection(ProjectConfigurationPlatforms) = postSolution
		{D2EF4D11-ACDA-42E1-ACC8-E1784FA93867}.Debug|Any CPU.ActiveCfg = Debug|Any CPU
		{D2EF4D11-ACDA-42E1-ACC8-E1784FA93867}.Debug|Any CPU.Build.0 = Debug|Any CPU
		{D2EF4D11-ACDA-42E1-ACC8-E1784FA93867}.Release|Any CPU.ActiveCfg = Release|Any CPU
		{D2EF4D11-ACDA-42E1-ACC8-E1784FA93867}.Release|Any CPU.Build.0 = Release|Any CPU
		{7B536E7A-97AC-4931-B63C-5AFAB814486B}.Debug|Any CPU.ActiveCfg = Debug|Any CPU
		{7B536E7A-97AC-4931-B63C-5AFAB814486B}.Debug|Any CPU.Build.0 = Debug|Any CPU
		{7B536E7A-97AC-4931-B63C-5AFAB814486B}.Release|Any CPU.ActiveCfg = Release|Any CPU
		{7B536E7A-97AC-4931-B63C-5AFAB814486B}.Release|Any CPU.Build.0 = Release|Any CPU
	EndGlobalSection
EndGlobal
